
Microsoft Visual Studio Solution File, Format Version 12.00
# Visual Studio Version 16
VisualStudioVersion = 16.0.29911.84
MinimumVisualStudioVersion = 10.0.40219.1
Project("{FAE04EC0-301F-11D3-BF4B-00C04F79EFBC}") = "OnBreak", "OnBreak\OnBreak.csproj", "{1094D669-4DD3-4C2A-AE77-59721DCCE3A3}"
EndProject
Global
	GlobalSection(SolutionConfigurationPlatforms) = preSolution
		Debug|Any CPU = Debug|Any CPU
		Release|Any CPU = Release|Any CPU
	EndGlobalSection
	GlobalSection(ProjectConfigurationPlatforms) = postSolution
		{1094D669-4DD3-4C2A-AE77-59721DCCE3A3}.Debug|Any CPU.ActiveCfg = Debug|Any CPU
		{1094D669-4DD3-4C2A-AE77-59721DCCE3A3}.Debug|Any CPU.Build.0 = Debug|Any CPU
		{1094D669-4DD3-4C2A-AE77-59721DCCE3A3}.Release|Any CPU.ActiveCfg = Release|Any CPU
		{1094D669-4DD3-4C2A-AE77-59721DCCE3A3}.Release|Any CPU.Build.0 = Release|Any CPU
	EndGlobalSection
	GlobalSection(SolutionProperties) = preSolution
		HideSolutionNode = FALSE
	EndGlobalSection
	GlobalSection(ExtensibilityGlobals) = postSolution
		SolutionGuid = {20EDA4AD-5CDF-4FE4-83E7-06454E2D3F22}
	EndGlobalSection
EndGlobal
